
Microsoft Visual Studio Solution File, Format Version 12.00
# Visual Studio Version 17
VisualStudioVersion = 17.7.34024.191
MinimumVisualStudioVersion = 10.0.40219.1
Project("{8BC9CEB8-8B4A-11D0-8D11-00A0C91BC942}") = "01. Sign of Integer Numbers", "01. Sign of Integer Numbers\01. Sign of Integer Numbers.vcxproj", "{92950D0C-76AA-4A06-8381-9731CA873B7C}"
EndProject
Project("{8BC9CEB8-8B4A-11D0-8D11-00A0C91BC942}") = "02. Grades", "02. Grades\02. Grades.vcxproj", "{34CFBC9A-3CDA-4C6D-B4AE-6DAFF33D247D}"
EndProject
Project("{8BC9CEB8-8B4A-11D0-8D11-00A0C91BC942}") = "03. Smallest of Three Numbers", "03. Smallest of Three Numbers\03. Smallest of Three Numbers.vcxproj", "{AB4E943A-8465-4CD3-A3FD-73503CED0E20}"
EndProject
Project("{8BC9CEB8-8B4A-11D0-8D11-00A0C91BC942}") = "04. Printing Triangle", "04. Printing Triangle\04. Printing Triangle.vcxproj", "{7D0E9746-5501-4812-B6D9-E1FD182E8ABF}"
EndProject
Project("{8BC9CEB8-8B4A-11D0-8D11-00A0C91BC942}") = "05. Calculate Rectangle Area", "05. Calculate Rectangle Area\05. Calculate Rectangle Area.vcxproj", "{23E916F7-0243-46C6-8F92-0FFA41AD5717}"
EndProject
Project("{8BC9CEB8-8B4A-11D0-8D11-00A0C91BC942}") = "06. Math Power", "06. Math Power\06. Math Power.vcxproj", "{8C0FEB60-2916-42F9-B55C-101078C60636}"
EndProject
Project("{8BC9CEB8-8B4A-11D0-8D11-00A0C91BC942}") = "03. Smallest of Three Numbers ver2", "03. Smallest of Three Numbers ver2\03. Smallest of Three Numbers ver2.vcxproj", "{09652BF4-771D-446D-84DA-CAA58F671ED6}"
EndProject
Global
	GlobalSection(SolutionConfigurationPlatforms) = preSolution
		Debug|x64 = Debug|x64
		Debug|x86 = Debug|x86
		Release|x64 = Release|x64
		Release|x86 = Release|x86
	EndGlobalSection
	GlobalSection(ProjectConfigurationPlatforms) = postSolution
		{92950D0C-76AA-4A06-8381-9731CA873B7C}.Debug|x64.ActiveCfg = Debug|x64
		{92950D0C-76AA-4A06-8381-9731CA873B7C}.Debug|x64.Build.0 = Debug|x64
		{92950D0C-76AA-4A06-8381-9731CA873B7C}.Debug|x86.ActiveCfg = Debug|Win32
		{92950D0C-76AA-4A06-8381-9731CA873B7C}.Debug|x86.Build.0 = Debug|Win32
		{92950D0C-76AA-4A06-8381-9731CA873B7C}.Release|x64.ActiveCfg = Release|x64
		{92950D0C-76AA-4A06-8381-9731CA873B7C}.Release|x64.Build.0 = Release|x64
		{92950D0C-76AA-4A06-8381-9731CA873B7C}.Release|x86.ActiveCfg = Release|Win32
		{92950D0C-76AA-4A06-8381-9731CA873B7C}.Release|x86.Build.0 = Release|Win32
		{34CFBC9A-3CDA-4C6D-B4AE-6DAFF33D247D}.Debug|x64.ActiveCfg = Debug|x64
		{34CFBC9A-3CDA-4C6D-B4AE-6DAFF33D247D}.Debug|x64.Build.0 = Debug|x64
		{34CFBC9A-3CDA-4C6D-B4AE-6DAFF33D247D}.Debug|x86.ActiveCfg = Debug|Win32
		{34CFBC9A-3CDA-4C6D-B4AE-6DAFF33D247D}.Debug|x86.Build.0 = Debug|Win32
		{34CFBC9A-3CDA-4C6D-B4AE-6DAFF33D247D}.Release|x64.ActiveCfg = Release|x64
		{34CFBC9A-3CDA-4C6D-B4AE-6DAFF33D247D}.Release|x64.Build.0 = Release|x64
		{34CFBC9A-3CDA-4C6D-B4AE-6DAFF33D247D}.Release|x86.ActiveCfg = Release|Win32
		{34CFBC9A-3CDA-4C6D-B4AE-6DAFF33D247D}.Release|x86.Build.0 = Release|Win32
		{AB4E943A-8465-4CD3-A3FD-73503CED0E20}.Debug|x64.ActiveCfg = Debug|x64
		{AB4E943A-8465-4CD3-A3FD-73503CED0E20}.Debug|x64.Build.0 = Debug|x64
		{AB4E943A-8465-4CD3-A3FD-73503CED0E20}.Debug|x86.ActiveCfg = Debug|Win32
		{AB4E943A-8465-4CD3-A3FD-73503CED0E20}.Debug|x86.Build.0 = Debug|Win32
		{AB4E943A-8465-4CD3-A3FD-73503CED0E20}.Release|x64.ActiveCfg = Release|x64
		{AB4E943A-8465-4CD3-A3FD-73503CED0E20}.Release|x64.Build.0 = Release|x64
		{AB4E943A-8465-4CD3-A3FD-73503CED0E20}.Release|x86.ActiveCfg = Release|Win32
		{AB4E943A-8465-4CD3-A3FD-73503CED0E20}.Release|x86.Build.0 = Release|Win32
		{7D0E9746-5501-4812-B6D9-E1FD182E8ABF}.Debug|x64.ActiveCfg = Debug|x64
		{7D0E9746-5501-4812-B6D9-E1FD182E8ABF}.Debug|x64.Build.0 = Debug|x64
		{7D0E9746-5501-4812-B6D9-E1FD182E8ABF}.Debug|x86.ActiveCfg = Debug|Win32
		{7D0E9746-5501-4812-B6D9-E1FD182E8ABF}.Debug|x86.Build.0 = Debug|Win32
		{7D0E9746-5501-4812-B6D9-E1FD182E8ABF}.Release|x64.ActiveCfg = Release|x64
		{7D0E9746-5501-4812-B6D9-E1FD182E8ABF}.Release|x64.Build.0 = Release|x64
		{7D0E9746-5501-4812-B6D9-E1FD182E8ABF}.Release|x86.ActiveCfg = Release|Win32
		{7D0E9746-5501-4812-B6D9-E1FD182E8ABF}.Release|x86.Build.0 = Release|Win32
		{23E916F7-0243-46C6-8F92-0FFA41AD5717}.Debug|x64.ActiveCfg = Debug|x64
		{23E916F7-0243-46C6-8F92-0FFA41AD5717}.Debug|x64.Build.0 = Debug|x64
		{23E916F7-0243-46C6-8F92-0FFA41AD5717}.Debug|x86.ActiveCfg = Debug|Win32
		{23E916F7-0243-46C6-8F92-0FFA41AD5717}.Debug|x86.Build.0 = Debug|Win32
		{23E916F7-0243-46C6-8F92-0FFA41AD5717}.Release|x64.ActiveCfg = Release|x64
		{23E916F7-0243-46C6-8F92-0FFA41AD5717}.Release|x64.Build.0 = Release|x64
		{23E916F7-0243-46C6-8F92-0FFA41AD5717}.Release|x86.ActiveCfg = Release|Win32
		{23E916F7-0243-46C6-8F92-0FFA41AD5717}.Release|x86.Build.0 = Release|Win32
		{8C0FEB60-2916-42F9-B55C-101078C60636}.Debug|x64.ActiveCfg = Debug|x64
		{8C0FEB60-2916-42F9-B55C-101078C60636}.Debug|x64.Build.0 = Debug|x64
		{8C0FEB60-2916-42F9-B55C-101078C60636}.Debug|x86.ActiveCfg = Debug|Win32
		{8C0FEB60-2916-42F9-B55C-101078C60636}.Debug|x86.Build.0 = Debug|Win32
		{8C0FEB60-2916-42F9-B55C-101078C60636}.Release|x64.ActiveCfg = Release|x64
		{8C0FEB60-2916-42F9-B55C-101078C60636}.Release|x64.Build.0 = Release|x64
		{8C0FEB60-2916-42F9-B55C-101078C60636}.Release|x86.ActiveCfg = Release|Win32
		{8C0FEB60-2916-42F9-B55C-101078C60636}.Release|x86.Build.0 = Release|Win32
		{09652BF4-771D-446D-84DA-CAA58F671ED6}.Debug|x64.ActiveCfg = Debug|x64
		{09652BF4-771D-446D-84DA-CAA58F671ED6}.Debug|x64.Build.0 = Debug|x64
		{09652BF4-771D-446D-84DA-CAA58F671ED6}.Debug|x86.ActiveCfg = Debug|Win32
		{09652BF4-771D-446D-84DA-CAA58F671ED6}.Debug|x86.Build.0 = Debug|Win32
		{09652BF4-771D-446D-84DA-CAA58F671ED6}.Release|x64.ActiveCfg = Release|x64
		{09652BF4-771D-446D-84DA-CAA58F671ED6}.Release|x64.Build.0 = Release|x64
		{09652BF4-771D-446D-84DA-CAA58F671ED6}.Release|x86.ActiveCfg = Release|Win32
		{09652BF4-771D-446D-84DA-CAA58F671ED6}.Release|x86.Build.0 = Release|Win32
	EndGlobalSection
	GlobalSection(SolutionProperties) = preSolution
		HideSolutionNode = FALSE
	EndGlobalSection
	GlobalSection(ExtensibilityGlobals) = postSolution
		SolutionGuid = {6BE24C28-5AEE-40CD-9FCE-73ECDD752064}
	EndGlobalSection
EndGlobal
