
Microsoft Visual Studio Solution File, Format Version 12.00
# Visual Studio Version 17
VisualStudioVersion = 17.7.34024.191
MinimumVisualStudioVersion = 10.0.40219.1
Project("{8BC9CEB8-8B4A-11D0-8D11-00A0C91BC942}") = "01. Valid Usernames", "01. Valid Usernames\01. Valid Usernames.vcxproj", "{DFB256CC-905B-466F-81ED-32351964DDEB}"
EndProject
Global
	GlobalSection(SolutionConfigurationPlatforms) = preSolution
		Debug|x64 = Debug|x64
		Debug|x86 = Debug|x86
		Release|x64 = Release|x64
		Release|x86 = Release|x86
	EndGlobalSection
	GlobalSection(ProjectConfigurationPlatforms) = postSolution
		{DFB256CC-905B-466F-81ED-32351964DDEB}.Debug|x64.ActiveCfg = Debug|x64
		{DFB256CC-905B-466F-81ED-32351964DDEB}.Debug|x64.Build.0 = Debug|x64
		{DFB256CC-905B-466F-81ED-32351964DDEB}.Debug|x86.ActiveCfg = Debug|Win32
		{DFB256CC-905B-466F-81ED-32351964DDEB}.Debug|x86.Build.0 = Debug|Win32
		{DFB256CC-905B-466F-81ED-32351964DDEB}.Release|x64.ActiveCfg = Release|x64
		{DFB256CC-905B-466F-81ED-32351964DDEB}.Release|x64.Build.0 = Release|x64
		{DFB256CC-905B-466F-81ED-32351964DDEB}.Release|x86.ActiveCfg = Release|Win32
		{DFB256CC-905B-466F-81ED-32351964DDEB}.Release|x86.Build.0 = Release|Win32
	EndGlobalSection
	GlobalSection(SolutionProperties) = preSolution
		HideSolutionNode = FALSE
	EndGlobalSection
	GlobalSection(ExtensibilityGlobals) = postSolution
		SolutionGuid = {2E203EC4-D573-453D-AC28-0E160C33AC4A}
	EndGlobalSection
EndGlobal
