
Microsoft Visual Studio Solution File, Format Version 12.00
# Visual Studio Version 17
VisualStudioVersion = 17.7.34024.191
MinimumVisualStudioVersion = 10.0.40219.1
Project("{8BC9CEB8-8B4A-11D0-8D11-00A0C91BC942}") = "01. Valid Usernames", "01. Valid Usernames\01. Valid Usernames.vcxproj", "{DFB256CC-905B-466F-81ED-32351964DDEB}"
EndProject
Project("{8BC9CEB8-8B4A-11D0-8D11-00A0C91BC942}") = "02. Caesar Cipher", "02. Caesar Cipher\02. Caesar Cipher.vcxproj", "{CDAFD67A-0CE5-4E1A-8A8E-D94224F27C4E}"
EndProject
Project("{8BC9CEB8-8B4A-11D0-8D11-00A0C91BC942}") = "03. Replace Repeating Chars", "03. Replace Repeating Chars\03. Replace Repeating Chars.vcxproj", "{A80B83B5-8314-4309-905F-7EBD7FE575F2}"
EndProject
Project("{8BC9CEB8-8B4A-11D0-8D11-00A0C91BC942}") = "04. Character Multiplier", "04. Character Multiplier\04. Character Multiplier.vcxproj", "{FCA188F4-29B5-4389-B115-D60941745ED2}"
EndProject
Project("{8BC9CEB8-8B4A-11D0-8D11-00A0C91BC942}") = "05. Mathematical Expression", "05. Mathematical Expression\05. Mathematical Expression.vcxproj", "{EF67BD82-94A7-493D-96F7-DF2B6C66E1FC}"
EndProject
Project("{8BC9CEB8-8B4A-11D0-8D11-00A0C91BC942}") = "06. Title Case", "06. Title Case\06. Title Case.vcxproj", "{A0CBD345-4DCB-407B-92D6-671E371098FD}"
EndProject
Project("{8BC9CEB8-8B4A-11D0-8D11-00A0C91BC942}") = "07. Replace All", "07. Replace All\07. Replace All.vcxproj", "{1EE1F457-B9AA-4965-9D90-7AD8CD8E1103}"
EndProject
Project("{8BC9CEB8-8B4A-11D0-8D11-00A0C91BC942}") = "08. Invalid Input", "08. Invalid Input\08. Invalid Input.vcxproj", "{123D9F65-60BF-4A4C-908D-F95628FC0F62}"
EndProject
Global
	GlobalSection(SolutionConfigurationPlatforms) = preSolution
		Debug|x64 = Debug|x64
		Debug|x86 = Debug|x86
		Release|x64 = Release|x64
		Release|x86 = Release|x86
	EndGlobalSection
	GlobalSection(ProjectConfigurationPlatforms) = postSolution
		{DFB256CC-905B-466F-81ED-32351964DDEB}.Debug|x64.ActiveCfg = Debug|x64
		{DFB256CC-905B-466F-81ED-32351964DDEB}.Debug|x64.Build.0 = Debug|x64
		{DFB256CC-905B-466F-81ED-32351964DDEB}.Debug|x86.ActiveCfg = Debug|Win32
		{DFB256CC-905B-466F-81ED-32351964DDEB}.Debug|x86.Build.0 = Debug|Win32
		{DFB256CC-905B-466F-81ED-32351964DDEB}.Release|x64.ActiveCfg = Release|x64
		{DFB256CC-905B-466F-81ED-32351964DDEB}.Release|x64.Build.0 = Release|x64
		{DFB256CC-905B-466F-81ED-32351964DDEB}.Release|x86.ActiveCfg = Release|Win32
		{DFB256CC-905B-466F-81ED-32351964DDEB}.Release|x86.Build.0 = Release|Win32
		{CDAFD67A-0CE5-4E1A-8A8E-D94224F27C4E}.Debug|x64.ActiveCfg = Debug|x64
		{CDAFD67A-0CE5-4E1A-8A8E-D94224F27C4E}.Debug|x64.Build.0 = Debug|x64
		{CDAFD67A-0CE5-4E1A-8A8E-D94224F27C4E}.Debug|x86.ActiveCfg = Debug|Win32
		{CDAFD67A-0CE5-4E1A-8A8E-D94224F27C4E}.Debug|x86.Build.0 = Debug|Win32
		{CDAFD67A-0CE5-4E1A-8A8E-D94224F27C4E}.Release|x64.ActiveCfg = Release|x64
		{CDAFD67A-0CE5-4E1A-8A8E-D94224F27C4E}.Release|x64.Build.0 = Release|x64
		{CDAFD67A-0CE5-4E1A-8A8E-D94224F27C4E}.Release|x86.ActiveCfg = Release|Win32
		{CDAFD67A-0CE5-4E1A-8A8E-D94224F27C4E}.Release|x86.Build.0 = Release|Win32
		{A80B83B5-8314-4309-905F-7EBD7FE575F2}.Debug|x64.ActiveCfg = Debug|x64
		{A80B83B5-8314-4309-905F-7EBD7FE575F2}.Debug|x64.Build.0 = Debug|x64
		{A80B83B5-8314-4309-905F-7EBD7FE575F2}.Debug|x86.ActiveCfg = Debug|Win32
		{A80B83B5-8314-4309-905F-7EBD7FE575F2}.Debug|x86.Build.0 = Debug|Win32
		{A80B83B5-8314-4309-905F-7EBD7FE575F2}.Release|x64.ActiveCfg = Release|x64
		{A80B83B5-8314-4309-905F-7EBD7FE575F2}.Release|x64.Build.0 = Release|x64
		{A80B83B5-8314-4309-905F-7EBD7FE575F2}.Release|x86.ActiveCfg = Release|Win32
		{A80B83B5-8314-4309-905F-7EBD7FE575F2}.Release|x86.Build.0 = Release|Win32
		{FCA188F4-29B5-4389-B115-D60941745ED2}.Debug|x64.ActiveCfg = Debug|x64
		{FCA188F4-29B5-4389-B115-D60941745ED2}.Debug|x64.Build.0 = Debug|x64
		{FCA188F4-29B5-4389-B115-D60941745ED2}.Debug|x86.ActiveCfg = Debug|Win32
		{FCA188F4-29B5-4389-B115-D60941745ED2}.Debug|x86.Build.0 = Debug|Win32
		{FCA188F4-29B5-4389-B115-D60941745ED2}.Release|x64.ActiveCfg = Release|x64
		{FCA188F4-29B5-4389-B115-D60941745ED2}.Release|x64.Build.0 = Release|x64
		{FCA188F4-29B5-4389-B115-D60941745ED2}.Release|x86.ActiveCfg = Release|Win32
		{FCA188F4-29B5-4389-B115-D60941745ED2}.Release|x86.Build.0 = Release|Win32
		{EF67BD82-94A7-493D-96F7-DF2B6C66E1FC}.Debug|x64.ActiveCfg = Debug|x64
		{EF67BD82-94A7-493D-96F7-DF2B6C66E1FC}.Debug|x64.Build.0 = Debug|x64
		{EF67BD82-94A7-493D-96F7-DF2B6C66E1FC}.Debug|x86.ActiveCfg = Debug|Win32
		{EF67BD82-94A7-493D-96F7-DF2B6C66E1FC}.Debug|x86.Build.0 = Debug|Win32
		{EF67BD82-94A7-493D-96F7-DF2B6C66E1FC}.Release|x64.ActiveCfg = Release|x64
		{EF67BD82-94A7-493D-96F7-DF2B6C66E1FC}.Release|x64.Build.0 = Release|x64
		{EF67BD82-94A7-493D-96F7-DF2B6C66E1FC}.Release|x86.ActiveCfg = Release|Win32
		{EF67BD82-94A7-493D-96F7-DF2B6C66E1FC}.Release|x86.Build.0 = Release|Win32
		{A0CBD345-4DCB-407B-92D6-671E371098FD}.Debug|x64.ActiveCfg = Debug|x64
		{A0CBD345-4DCB-407B-92D6-671E371098FD}.Debug|x64.Build.0 = Debug|x64
		{A0CBD345-4DCB-407B-92D6-671E371098FD}.Debug|x86.ActiveCfg = Debug|Win32
		{A0CBD345-4DCB-407B-92D6-671E371098FD}.Debug|x86.Build.0 = Debug|Win32
		{A0CBD345-4DCB-407B-92D6-671E371098FD}.Release|x64.ActiveCfg = Release|x64
		{A0CBD345-4DCB-407B-92D6-671E371098FD}.Release|x64.Build.0 = Release|x64
		{A0CBD345-4DCB-407B-92D6-671E371098FD}.Release|x86.ActiveCfg = Release|Win32
		{A0CBD345-4DCB-407B-92D6-671E371098FD}.Release|x86.Build.0 = Release|Win32
		{1EE1F457-B9AA-4965-9D90-7AD8CD8E1103}.Debug|x64.ActiveCfg = Debug|x64
		{1EE1F457-B9AA-4965-9D90-7AD8CD8E1103}.Debug|x64.Build.0 = Debug|x64
		{1EE1F457-B9AA-4965-9D90-7AD8CD8E1103}.Debug|x86.ActiveCfg = Debug|Win32
		{1EE1F457-B9AA-4965-9D90-7AD8CD8E1103}.Debug|x86.Build.0 = Debug|Win32
		{1EE1F457-B9AA-4965-9D90-7AD8CD8E1103}.Release|x64.ActiveCfg = Release|x64
		{1EE1F457-B9AA-4965-9D90-7AD8CD8E1103}.Release|x64.Build.0 = Release|x64
		{1EE1F457-B9AA-4965-9D90-7AD8CD8E1103}.Release|x86.ActiveCfg = Release|Win32
		{1EE1F457-B9AA-4965-9D90-7AD8CD8E1103}.Release|x86.Build.0 = Release|Win32
		{123D9F65-60BF-4A4C-908D-F95628FC0F62}.Debug|x64.ActiveCfg = Debug|x64
		{123D9F65-60BF-4A4C-908D-F95628FC0F62}.Debug|x64.Build.0 = Debug|x64
		{123D9F65-60BF-4A4C-908D-F95628FC0F62}.Debug|x86.ActiveCfg = Debug|Win32
		{123D9F65-60BF-4A4C-908D-F95628FC0F62}.Debug|x86.Build.0 = Debug|Win32
		{123D9F65-60BF-4A4C-908D-F95628FC0F62}.Release|x64.ActiveCfg = Release|x64
		{123D9F65-60BF-4A4C-908D-F95628FC0F62}.Release|x64.Build.0 = Release|x64
		{123D9F65-60BF-4A4C-908D-F95628FC0F62}.Release|x86.ActiveCfg = Release|Win32
		{123D9F65-60BF-4A4C-908D-F95628FC0F62}.Release|x86.Build.0 = Release|Win32
	EndGlobalSection
	GlobalSection(SolutionProperties) = preSolution
		HideSolutionNode = FALSE
	EndGlobalSection
	GlobalSection(ExtensibilityGlobals) = postSolution
		SolutionGuid = {2E203EC4-D573-453D-AC28-0E160C33AC4A}
	EndGlobalSection
EndGlobal
