
Microsoft Visual Studio Solution File, Format Version 12.00
# Visual Studio Version 17
VisualStudioVersion = 17.7.34024.191
MinimumVisualStudioVersion = 10.0.40219.1
Project("{8BC9CEB8-8B4A-11D0-8D11-00A0C91BC942}") = "01. Zig-Zag Arrays", "01. Zig-Zag Arrays\01. Zig-Zag Arrays.vcxproj", "{54D54BE7-4F65-4AD8-A3AF-353305CABFC0}"
EndProject
Project("{8BC9CEB8-8B4A-11D0-8D11-00A0C91BC942}") = "02. Longest Sequence", "02. Longest Sequence\02. Longest Sequence.vcxproj", "{3E243FDD-F906-4410-86D4-3E66F3E54D82}"
EndProject
Project("{8BC9CEB8-8B4A-11D0-8D11-00A0C91BC942}") = "03. Above Average", "03. Above Average\03. Above Average.vcxproj", "{C3472EC6-5EAF-4143-A270-2CC11E29B76D}"
EndProject
Project("{8BC9CEB8-8B4A-11D0-8D11-00A0C91BC942}") = "04. Most Frequent Number", "04. Most Frequent Number\04. Most Frequent Number.vcxproj", "{8F757DFD-FD81-4E33-9B2B-65727403EE90}"
EndProject
Project("{8BC9CEB8-8B4A-11D0-8D11-00A0C91BC942}") = "05. Cartesian Product", "05. Cartesian Product\05. Cartesian Product.vcxproj", "{3D4340E1-A195-4301-A393-DC2A0750D26C}"
EndProject
Project("{8BC9CEB8-8B4A-11D0-8D11-00A0C91BC942}") = "06. Closest Numbers", "06. Closest Numbers\06. Closest Numbers.vcxproj", "{6F886D13-2A9F-4BA9-966C-8FF7CD06B304}"
EndProject
Project("{8BC9CEB8-8B4A-11D0-8D11-00A0C91BC942}") = "07. Array Rotation", "07. Array Rotation\07. Array Rotation.vcxproj", "{88B3895F-9E1D-4632-8D3C-94F0AAB35178}"
EndProject
Project("{8BC9CEB8-8B4A-11D0-8D11-00A0C91BC942}") = "08. Top Integers", "08. Top Integers\08. Top Integers.vcxproj", "{F94086F2-53D7-4CEE-9636-196083E48BE8}"
EndProject
Global
	GlobalSection(SolutionConfigurationPlatforms) = preSolution
		Debug|x64 = Debug|x64
		Debug|x86 = Debug|x86
		Release|x64 = Release|x64
		Release|x86 = Release|x86
	EndGlobalSection
	GlobalSection(ProjectConfigurationPlatforms) = postSolution
		{54D54BE7-4F65-4AD8-A3AF-353305CABFC0}.Debug|x64.ActiveCfg = Debug|x64
		{54D54BE7-4F65-4AD8-A3AF-353305CABFC0}.Debug|x64.Build.0 = Debug|x64
		{54D54BE7-4F65-4AD8-A3AF-353305CABFC0}.Debug|x86.ActiveCfg = Debug|Win32
		{54D54BE7-4F65-4AD8-A3AF-353305CABFC0}.Debug|x86.Build.0 = Debug|Win32
		{54D54BE7-4F65-4AD8-A3AF-353305CABFC0}.Release|x64.ActiveCfg = Release|x64
		{54D54BE7-4F65-4AD8-A3AF-353305CABFC0}.Release|x64.Build.0 = Release|x64
		{54D54BE7-4F65-4AD8-A3AF-353305CABFC0}.Release|x86.ActiveCfg = Release|Win32
		{54D54BE7-4F65-4AD8-A3AF-353305CABFC0}.Release|x86.Build.0 = Release|Win32
		{3E243FDD-F906-4410-86D4-3E66F3E54D82}.Debug|x64.ActiveCfg = Debug|x64
		{3E243FDD-F906-4410-86D4-3E66F3E54D82}.Debug|x64.Build.0 = Debug|x64
		{3E243FDD-F906-4410-86D4-3E66F3E54D82}.Debug|x86.ActiveCfg = Debug|Win32
		{3E243FDD-F906-4410-86D4-3E66F3E54D82}.Debug|x86.Build.0 = Debug|Win32
		{3E243FDD-F906-4410-86D4-3E66F3E54D82}.Release|x64.ActiveCfg = Release|x64
		{3E243FDD-F906-4410-86D4-3E66F3E54D82}.Release|x64.Build.0 = Release|x64
		{3E243FDD-F906-4410-86D4-3E66F3E54D82}.Release|x86.ActiveCfg = Release|Win32
		{3E243FDD-F906-4410-86D4-3E66F3E54D82}.Release|x86.Build.0 = Release|Win32
		{C3472EC6-5EAF-4143-A270-2CC11E29B76D}.Debug|x64.ActiveCfg = Debug|x64
		{C3472EC6-5EAF-4143-A270-2CC11E29B76D}.Debug|x64.Build.0 = Debug|x64
		{C3472EC6-5EAF-4143-A270-2CC11E29B76D}.Debug|x86.ActiveCfg = Debug|Win32
		{C3472EC6-5EAF-4143-A270-2CC11E29B76D}.Debug|x86.Build.0 = Debug|Win32
		{C3472EC6-5EAF-4143-A270-2CC11E29B76D}.Release|x64.ActiveCfg = Release|x64
		{C3472EC6-5EAF-4143-A270-2CC11E29B76D}.Release|x64.Build.0 = Release|x64
		{C3472EC6-5EAF-4143-A270-2CC11E29B76D}.Release|x86.ActiveCfg = Release|Win32
		{C3472EC6-5EAF-4143-A270-2CC11E29B76D}.Release|x86.Build.0 = Release|Win32
		{8F757DFD-FD81-4E33-9B2B-65727403EE90}.Debug|x64.ActiveCfg = Debug|x64
		{8F757DFD-FD81-4E33-9B2B-65727403EE90}.Debug|x64.Build.0 = Debug|x64
		{8F757DFD-FD81-4E33-9B2B-65727403EE90}.Debug|x86.ActiveCfg = Debug|Win32
		{8F757DFD-FD81-4E33-9B2B-65727403EE90}.Debug|x86.Build.0 = Debug|Win32
		{8F757DFD-FD81-4E33-9B2B-65727403EE90}.Release|x64.ActiveCfg = Release|x64
		{8F757DFD-FD81-4E33-9B2B-65727403EE90}.Release|x64.Build.0 = Release|x64
		{8F757DFD-FD81-4E33-9B2B-65727403EE90}.Release|x86.ActiveCfg = Release|Win32
		{8F757DFD-FD81-4E33-9B2B-65727403EE90}.Release|x86.Build.0 = Release|Win32
		{3D4340E1-A195-4301-A393-DC2A0750D26C}.Debug|x64.ActiveCfg = Debug|x64
		{3D4340E1-A195-4301-A393-DC2A0750D26C}.Debug|x64.Build.0 = Debug|x64
		{3D4340E1-A195-4301-A393-DC2A0750D26C}.Debug|x86.ActiveCfg = Debug|Win32
		{3D4340E1-A195-4301-A393-DC2A0750D26C}.Debug|x86.Build.0 = Debug|Win32
		{3D4340E1-A195-4301-A393-DC2A0750D26C}.Release|x64.ActiveCfg = Release|x64
		{3D4340E1-A195-4301-A393-DC2A0750D26C}.Release|x64.Build.0 = Release|x64
		{3D4340E1-A195-4301-A393-DC2A0750D26C}.Release|x86.ActiveCfg = Release|Win32
		{3D4340E1-A195-4301-A393-DC2A0750D26C}.Release|x86.Build.0 = Release|Win32
		{6F886D13-2A9F-4BA9-966C-8FF7CD06B304}.Debug|x64.ActiveCfg = Debug|x64
		{6F886D13-2A9F-4BA9-966C-8FF7CD06B304}.Debug|x64.Build.0 = Debug|x64
		{6F886D13-2A9F-4BA9-966C-8FF7CD06B304}.Debug|x86.ActiveCfg = Debug|Win32
		{6F886D13-2A9F-4BA9-966C-8FF7CD06B304}.Debug|x86.Build.0 = Debug|Win32
		{6F886D13-2A9F-4BA9-966C-8FF7CD06B304}.Release|x64.ActiveCfg = Release|x64
		{6F886D13-2A9F-4BA9-966C-8FF7CD06B304}.Release|x64.Build.0 = Release|x64
		{6F886D13-2A9F-4BA9-966C-8FF7CD06B304}.Release|x86.ActiveCfg = Release|Win32
		{6F886D13-2A9F-4BA9-966C-8FF7CD06B304}.Release|x86.Build.0 = Release|Win32
		{88B3895F-9E1D-4632-8D3C-94F0AAB35178}.Debug|x64.ActiveCfg = Debug|x64
		{88B3895F-9E1D-4632-8D3C-94F0AAB35178}.Debug|x64.Build.0 = Debug|x64
		{88B3895F-9E1D-4632-8D3C-94F0AAB35178}.Debug|x86.ActiveCfg = Debug|Win32
		{88B3895F-9E1D-4632-8D3C-94F0AAB35178}.Debug|x86.Build.0 = Debug|Win32
		{88B3895F-9E1D-4632-8D3C-94F0AAB35178}.Release|x64.ActiveCfg = Release|x64
		{88B3895F-9E1D-4632-8D3C-94F0AAB35178}.Release|x64.Build.0 = Release|x64
		{88B3895F-9E1D-4632-8D3C-94F0AAB35178}.Release|x86.ActiveCfg = Release|Win32
		{88B3895F-9E1D-4632-8D3C-94F0AAB35178}.Release|x86.Build.0 = Release|Win32
		{F94086F2-53D7-4CEE-9636-196083E48BE8}.Debug|x64.ActiveCfg = Debug|x64
		{F94086F2-53D7-4CEE-9636-196083E48BE8}.Debug|x64.Build.0 = Debug|x64
		{F94086F2-53D7-4CEE-9636-196083E48BE8}.Debug|x86.ActiveCfg = Debug|Win32
		{F94086F2-53D7-4CEE-9636-196083E48BE8}.Debug|x86.Build.0 = Debug|Win32
		{F94086F2-53D7-4CEE-9636-196083E48BE8}.Release|x64.ActiveCfg = Release|x64
		{F94086F2-53D7-4CEE-9636-196083E48BE8}.Release|x64.Build.0 = Release|x64
		{F94086F2-53D7-4CEE-9636-196083E48BE8}.Release|x86.ActiveCfg = Release|Win32
		{F94086F2-53D7-4CEE-9636-196083E48BE8}.Release|x86.Build.0 = Release|Win32
	EndGlobalSection
	GlobalSection(SolutionProperties) = preSolution
		HideSolutionNode = FALSE
	EndGlobalSection
	GlobalSection(ExtensibilityGlobals) = postSolution
		SolutionGuid = {BE37F6EB-660C-4A3C-B64C-AC58B17840EE}
	EndGlobalSection
EndGlobal
