
Microsoft Visual Studio Solution File, Format Version 12.00
# Visual Studio Version 17
VisualStudioVersion = 17.7.34024.191
MinimumVisualStudioVersion = 10.0.40219.1
Project("{8BC9CEB8-8B4A-11D0-8D11-00A0C91BC942}") = "01. Zig-Zag Arrays", "01. Zig-Zag Arrays\01. Zig-Zag Arrays.vcxproj", "{54D54BE7-4F65-4AD8-A3AF-353305CABFC0}"
EndProject
Project("{8BC9CEB8-8B4A-11D0-8D11-00A0C91BC942}") = "02. Longest Sequence", "02. Longest Sequence\02. Longest Sequence.vcxproj", "{3E243FDD-F906-4410-86D4-3E66F3E54D82}"
EndProject
Global
	GlobalSection(SolutionConfigurationPlatforms) = preSolution
		Debug|x64 = Debug|x64
		Debug|x86 = Debug|x86
		Release|x64 = Release|x64
		Release|x86 = Release|x86
	EndGlobalSection
	GlobalSection(ProjectConfigurationPlatforms) = postSolution
		{54D54BE7-4F65-4AD8-A3AF-353305CABFC0}.Debug|x64.ActiveCfg = Debug|x64
		{54D54BE7-4F65-4AD8-A3AF-353305CABFC0}.Debug|x64.Build.0 = Debug|x64
		{54D54BE7-4F65-4AD8-A3AF-353305CABFC0}.Debug|x86.ActiveCfg = Debug|Win32
		{54D54BE7-4F65-4AD8-A3AF-353305CABFC0}.Debug|x86.Build.0 = Debug|Win32
		{54D54BE7-4F65-4AD8-A3AF-353305CABFC0}.Release|x64.ActiveCfg = Release|x64
		{54D54BE7-4F65-4AD8-A3AF-353305CABFC0}.Release|x64.Build.0 = Release|x64
		{54D54BE7-4F65-4AD8-A3AF-353305CABFC0}.Release|x86.ActiveCfg = Release|Win32
		{54D54BE7-4F65-4AD8-A3AF-353305CABFC0}.Release|x86.Build.0 = Release|Win32
		{3E243FDD-F906-4410-86D4-3E66F3E54D82}.Debug|x64.ActiveCfg = Debug|x64
		{3E243FDD-F906-4410-86D4-3E66F3E54D82}.Debug|x64.Build.0 = Debug|x64
		{3E243FDD-F906-4410-86D4-3E66F3E54D82}.Debug|x86.ActiveCfg = Debug|Win32
		{3E243FDD-F906-4410-86D4-3E66F3E54D82}.Debug|x86.Build.0 = Debug|Win32
		{3E243FDD-F906-4410-86D4-3E66F3E54D82}.Release|x64.ActiveCfg = Release|x64
		{3E243FDD-F906-4410-86D4-3E66F3E54D82}.Release|x64.Build.0 = Release|x64
		{3E243FDD-F906-4410-86D4-3E66F3E54D82}.Release|x86.ActiveCfg = Release|Win32
		{3E243FDD-F906-4410-86D4-3E66F3E54D82}.Release|x86.Build.0 = Release|Win32
	EndGlobalSection
	GlobalSection(SolutionProperties) = preSolution
		HideSolutionNode = FALSE
	EndGlobalSection
	GlobalSection(ExtensibilityGlobals) = postSolution
		SolutionGuid = {BE37F6EB-660C-4A3C-B64C-AC58B17840EE}
	EndGlobalSection
EndGlobal
