
Microsoft Visual Studio Solution File, Format Version 12.00
# Visual Studio Version 17
VisualStudioVersion = 17.7.34024.191
MinimumVisualStudioVersion = 10.0.40219.1
Project("{8BC9CEB8-8B4A-11D0-8D11-00A0C91BC942}") = "01. Remove Negatives and Reverse", "01. Remove Negatives and Reverse\01. Remove Negatives and Reverse.vcxproj", "{F4C3E61C-90E7-4100-BE0B-66A57D124A94}"
EndProject
Project("{8BC9CEB8-8B4A-11D0-8D11-00A0C91BC942}") = "HelpFileVectors", "HelpFileVectors\HelpFileVectors.vcxproj", "{7D0627D7-8D34-4476-BE76-6B15F336EA49}"
EndProject
Project("{8BC9CEB8-8B4A-11D0-8D11-00A0C91BC942}") = "02. Products", "02. Products\02. Products.vcxproj", "{8017872C-0665-4CB4-B02D-71BF08029027}"
EndProject
Project("{8BC9CEB8-8B4A-11D0-8D11-00A0C91BC942}") = "03. Gauss' Trick", "03. Gauss' Trick\03. Gauss' Trick.vcxproj", "{DE05168C-AA86-4022-9C2D-F4BE5BF102CE}"
EndProject
Project("{8BC9CEB8-8B4A-11D0-8D11-00A0C91BC942}") = "04. Merging Lists", "04. Merging Lists\04. Merging Lists.vcxproj", "{9C61220E-EA9A-4FC9-AFE8-C36D1247B42B}"
EndProject
Project("{8BC9CEB8-8B4A-11D0-8D11-00A0C91BC942}") = "05. Manipulations", "05. Manipulations\05. Manipulations.vcxproj", "{641F6193-98A1-4787-BCA6-78E788AFD31D}"
EndProject
Global
	GlobalSection(SolutionConfigurationPlatforms) = preSolution
		Debug|x64 = Debug|x64
		Debug|x86 = Debug|x86
		Release|x64 = Release|x64
		Release|x86 = Release|x86
	EndGlobalSection
	GlobalSection(ProjectConfigurationPlatforms) = postSolution
		{F4C3E61C-90E7-4100-BE0B-66A57D124A94}.Debug|x64.ActiveCfg = Debug|x64
		{F4C3E61C-90E7-4100-BE0B-66A57D124A94}.Debug|x64.Build.0 = Debug|x64
		{F4C3E61C-90E7-4100-BE0B-66A57D124A94}.Debug|x86.ActiveCfg = Debug|Win32
		{F4C3E61C-90E7-4100-BE0B-66A57D124A94}.Debug|x86.Build.0 = Debug|Win32
		{F4C3E61C-90E7-4100-BE0B-66A57D124A94}.Release|x64.ActiveCfg = Release|x64
		{F4C3E61C-90E7-4100-BE0B-66A57D124A94}.Release|x64.Build.0 = Release|x64
		{F4C3E61C-90E7-4100-BE0B-66A57D124A94}.Release|x86.ActiveCfg = Release|Win32
		{F4C3E61C-90E7-4100-BE0B-66A57D124A94}.Release|x86.Build.0 = Release|Win32
		{7D0627D7-8D34-4476-BE76-6B15F336EA49}.Debug|x64.ActiveCfg = Debug|x64
		{7D0627D7-8D34-4476-BE76-6B15F336EA49}.Debug|x64.Build.0 = Debug|x64
		{7D0627D7-8D34-4476-BE76-6B15F336EA49}.Debug|x86.ActiveCfg = Debug|Win32
		{7D0627D7-8D34-4476-BE76-6B15F336EA49}.Debug|x86.Build.0 = Debug|Win32
		{7D0627D7-8D34-4476-BE76-6B15F336EA49}.Release|x64.ActiveCfg = Release|x64
		{7D0627D7-8D34-4476-BE76-6B15F336EA49}.Release|x64.Build.0 = Release|x64
		{7D0627D7-8D34-4476-BE76-6B15F336EA49}.Release|x86.ActiveCfg = Release|Win32
		{7D0627D7-8D34-4476-BE76-6B15F336EA49}.Release|x86.Build.0 = Release|Win32
		{8017872C-0665-4CB4-B02D-71BF08029027}.Debug|x64.ActiveCfg = Debug|x64
		{8017872C-0665-4CB4-B02D-71BF08029027}.Debug|x64.Build.0 = Debug|x64
		{8017872C-0665-4CB4-B02D-71BF08029027}.Debug|x86.ActiveCfg = Debug|Win32
		{8017872C-0665-4CB4-B02D-71BF08029027}.Debug|x86.Build.0 = Debug|Win32
		{8017872C-0665-4CB4-B02D-71BF08029027}.Release|x64.ActiveCfg = Release|x64
		{8017872C-0665-4CB4-B02D-71BF08029027}.Release|x64.Build.0 = Release|x64
		{8017872C-0665-4CB4-B02D-71BF08029027}.Release|x86.ActiveCfg = Release|Win32
		{8017872C-0665-4CB4-B02D-71BF08029027}.Release|x86.Build.0 = Release|Win32
		{DE05168C-AA86-4022-9C2D-F4BE5BF102CE}.Debug|x64.ActiveCfg = Debug|x64
		{DE05168C-AA86-4022-9C2D-F4BE5BF102CE}.Debug|x64.Build.0 = Debug|x64
		{DE05168C-AA86-4022-9C2D-F4BE5BF102CE}.Debug|x86.ActiveCfg = Debug|Win32
		{DE05168C-AA86-4022-9C2D-F4BE5BF102CE}.Debug|x86.Build.0 = Debug|Win32
		{DE05168C-AA86-4022-9C2D-F4BE5BF102CE}.Release|x64.ActiveCfg = Release|x64
		{DE05168C-AA86-4022-9C2D-F4BE5BF102CE}.Release|x64.Build.0 = Release|x64
		{DE05168C-AA86-4022-9C2D-F4BE5BF102CE}.Release|x86.ActiveCfg = Release|Win32
		{DE05168C-AA86-4022-9C2D-F4BE5BF102CE}.Release|x86.Build.0 = Release|Win32
		{9C61220E-EA9A-4FC9-AFE8-C36D1247B42B}.Debug|x64.ActiveCfg = Debug|x64
		{9C61220E-EA9A-4FC9-AFE8-C36D1247B42B}.Debug|x64.Build.0 = Debug|x64
		{9C61220E-EA9A-4FC9-AFE8-C36D1247B42B}.Debug|x86.ActiveCfg = Debug|Win32
		{9C61220E-EA9A-4FC9-AFE8-C36D1247B42B}.Debug|x86.Build.0 = Debug|Win32
		{9C61220E-EA9A-4FC9-AFE8-C36D1247B42B}.Release|x64.ActiveCfg = Release|x64
		{9C61220E-EA9A-4FC9-AFE8-C36D1247B42B}.Release|x64.Build.0 = Release|x64
		{9C61220E-EA9A-4FC9-AFE8-C36D1247B42B}.Release|x86.ActiveCfg = Release|Win32
		{9C61220E-EA9A-4FC9-AFE8-C36D1247B42B}.Release|x86.Build.0 = Release|Win32
		{641F6193-98A1-4787-BCA6-78E788AFD31D}.Debug|x64.ActiveCfg = Debug|x64
		{641F6193-98A1-4787-BCA6-78E788AFD31D}.Debug|x64.Build.0 = Debug|x64
		{641F6193-98A1-4787-BCA6-78E788AFD31D}.Debug|x86.ActiveCfg = Debug|Win32
		{641F6193-98A1-4787-BCA6-78E788AFD31D}.Debug|x86.Build.0 = Debug|Win32
		{641F6193-98A1-4787-BCA6-78E788AFD31D}.Release|x64.ActiveCfg = Release|x64
		{641F6193-98A1-4787-BCA6-78E788AFD31D}.Release|x64.Build.0 = Release|x64
		{641F6193-98A1-4787-BCA6-78E788AFD31D}.Release|x86.ActiveCfg = Release|Win32
		{641F6193-98A1-4787-BCA6-78E788AFD31D}.Release|x86.Build.0 = Release|Win32
	EndGlobalSection
	GlobalSection(SolutionProperties) = preSolution
		HideSolutionNode = FALSE
	EndGlobalSection
	GlobalSection(ExtensibilityGlobals) = postSolution
		SolutionGuid = {00C30D95-5278-4611-83D3-66057A0A43EC}
	EndGlobalSection
EndGlobal
